
Microsoft Visual Studio Solution File, Format Version 12.00
# Visual Studio Version 17
VisualStudioVersion = 17.4.33927.135
MinimumVisualStudioVersion = 10.0.40219.1
Project("{FAE04EC0-301F-11D3-BF4B-00C04F79EFBC}") = "radj307.IconExtractor", "radj307.IconExtractor\radj307.IconExtractor.csproj", "{2D13B48E-280B-48D6-AE4D-B2281AC484C1}"
EndProject
Project("{2150E333-8FDC-42A3-9474-1A3956D46DE8}") = "GitHub Actions", "GitHub Actions", "{0E595CD5-30F8-44DD-B179-35B45E11BF8F}"
	ProjectSection(SolutionItems) = preProject
		.github\workflows\UpdateVersion.yaml = .github\workflows\UpdateVersion.yaml
		.github\workflows\CreateRelease.yaml = .github\workflows\CreateRelease.yaml
		.github\workflows\UploadSDKToNuGet.yaml = .github\workflows\UploadSDKToNuGet.yaml
	EndProjectSection
EndProject
Project("{2150E333-8FDC-42A3-9474-1A3956D46DE8}") = "Scripts", "Scripts", "{85DE1329-A3DB-4C75-A182-5C21777E368D}"
	ProjectSection(SolutionItems) = preProject
		.github\workflows\scripts\SetVersion.ps1 = .github\workflows\scripts\SetVersion.ps1
	EndProjectSection
EndProject
Global
	GlobalSection(SolutionConfigurationPlatforms) = preSolution
		Debug|Any CPU = Debug|Any CPU
		Release|Any CPU = Release|Any CPU
	EndGlobalSection
	GlobalSection(ProjectConfigurationPlatforms) = postSolution
		{2D13B48E-280B-48D6-AE4D-B2281AC484C1}.Debug|Any CPU.ActiveCfg = Debug|Any CPU
		{2D13B48E-280B-48D6-AE4D-B2281AC484C1}.Debug|Any CPU.Build.0 = Debug|Any CPU
		{2D13B48E-280B-48D6-AE4D-B2281AC484C1}.Release|Any CPU.ActiveCfg = Release|Any CPU
		{2D13B48E-280B-48D6-AE4D-B2281AC484C1}.Release|Any CPU.Build.0 = Release|Any CPU
	EndGlobalSection
	GlobalSection(SolutionProperties) = preSolution
		HideSolutionNode = FALSE
	EndGlobalSection
	GlobalSection(NestedProjects) = preSolution
		{85DE1329-A3DB-4C75-A182-5C21777E368D} = {0E595CD5-30F8-44DD-B179-35B45E11BF8F}
	EndGlobalSection
	GlobalSection(ExtensibilityGlobals) = postSolution
		SolutionGuid = {408793F0-ECEF-4ED6-BA8F-C5EC76D35525}
	EndGlobalSection
EndGlobal
